// !$*UTF8*$!
{
	archiveVersion = 1;
	classes = {
	};
	objectVersion = 55;
	objects = {

/* Begin PBXBuildFile section */
		5B00007527F4EED700450342 /* MessageTableViewCell.swift in Sources */ = {isa = PBXBuildFile; fileRef = 5B00007427F4EED700450342 /* MessageTableViewCell.swift */; };
		5B00007727F9E05600450342 /* ExerciseStress.storyboard in Resources */ = {isa = PBXBuildFile; fileRef = 5B00007627F9E05600450342 /* ExerciseStress.storyboard */; };
		5B00007B27F9E35000450342 /* ExerciseSressTableViewController.swift in Sources */ = {isa = PBXBuildFile; fileRef = 5B00007A27F9E35000450342 /* ExerciseSressTableViewController.swift */; };
		5B00007D27F9FE5A00450342 /* ExerciseStressViewController.swift in Sources */ = {isa = PBXBuildFile; fileRef = 5B00007C27F9FE5A00450342 /* ExerciseStressViewController.swift */; };
		5B00007F27FA054A00450342 /* Media.xcassets in Resources */ = {isa = PBXBuildFile; fileRef = 5B00007E27FA054A00450342 /* Media.xcassets */; };
		5B00008127FA218A00450342 /* OpenImageEXViewController.swift in Sources */ = {isa = PBXBuildFile; fileRef = 5B00008027FA218A00450342 /* OpenImageEXViewController.swift */; };
		5B1EBFF227F2453D007BCE4A /* HotLineViewController.swift in Sources */ = {isa = PBXBuildFile; fileRef = 5B1EBFF127F2453D007BCE4A /* HotLineViewController.swift */; };
		F302449F27EF75DC002C0277 /* AppDelegate.swift in Sources */ = {isa = PBXBuildFile; fileRef = F302449E27EF75DC002C0277 /* AppDelegate.swift */; };
		F30244A127EF75DC002C0277 /* SceneDelegate.swift in Sources */ = {isa = PBXBuildFile; fileRef = F30244A027EF75DC002C0277 /* SceneDelegate.swift */; };
		F30244A327EF75DC002C0277 /* ViewController.swift in Sources */ = {isa = PBXBuildFile; fileRef = F30244A227EF75DC002C0277 /* ViewController.swift */; };
		F30244A627EF75DC002C0277 /* Main.storyboard in Resources */ = {isa = PBXBuildFile; fileRef = F30244A427EF75DC002C0277 /* Main.storyboard */; };
		F30244A827EF75DD002C0277 /* Assets.xcassets in Resources */ = {isa = PBXBuildFile; fileRef = F30244A727EF75DD002C0277 /* Assets.xcassets */; };
		F30244AB27EF75DD002C0277 /* LaunchScreen.storyboard in Resources */ = {isa = PBXBuildFile; fileRef = F30244A927EF75DD002C0277 /* LaunchScreen.storyboard */; };
/* End PBXBuildFile section */

/* Begin PBXFileReference section */
		5B00007427F4EED700450342 /* MessageTableViewCell.swift */ = {isa = PBXFileReference; lastKnownFileType = sourcecode.swift; path = MessageTableViewCell.swift; sourceTree = "<group>"; };
		5B00007627F9E05600450342 /* ExerciseStress.storyboard */ = {isa = PBXFileReference; lastKnownFileType = file.storyboard; path = ExerciseStress.storyboard; sourceTree = "<group>"; };
		5B00007A27F9E35000450342 /* ExerciseSressTableViewController.swift */ = {isa = PBXFileReference; lastKnownFileType = sourcecode.swift; path = ExerciseSressTableViewController.swift; sourceTree = "<group>"; };
		5B00007C27F9FE5A00450342 /* ExerciseStressViewController.swift */ = {isa = PBXFileReference; lastKnownFileType = sourcecode.swift; path = ExerciseStressViewController.swift; sourceTree = "<group>"; };
		5B00007E27FA054A00450342 /* Media.xcassets */ = {isa = PBXFileReference; lastKnownFileType = folder.assetcatalog; path = Media.xcassets; sourceTree = "<group>"; };
		5B00008027FA218A00450342 /* OpenImageEXViewController.swift */ = {isa = PBXFileReference; lastKnownFileType = sourcecode.swift; path = OpenImageEXViewController.swift; sourceTree = "<group>"; };
		5B1EBFF127F2453D007BCE4A /* HotLineViewController.swift */ = {isa = PBXFileReference; lastKnownFileType = sourcecode.swift; path = HotLineViewController.swift; sourceTree = "<group>"; };
		F302449B27EF75DC002C0277 /* HealthyApp.app */ = {isa = PBXFileReference; explicitFileType = wrapper.application; includeInIndex = 0; path = HealthyApp.app; sourceTree = BUILT_PRODUCTS_DIR; };
		F302449E27EF75DC002C0277 /* AppDelegate.swift */ = {isa = PBXFileReference; lastKnownFileType = sourcecode.swift; path = AppDelegate.swift; sourceTree = "<group>"; };
		F30244A027EF75DC002C0277 /* SceneDelegate.swift */ = {isa = PBXFileReference; lastKnownFileType = sourcecode.swift; path = SceneDelegate.swift; sourceTree = "<group>"; };
		F30244A227EF75DC002C0277 /* ViewController.swift */ = {isa = PBXFileReference; lastKnownFileType = sourcecode.swift; path = ViewController.swift; sourceTree = "<group>"; };
		F30244A527EF75DC002C0277 /* Base */ = {isa = PBXFileReference; lastKnownFileType = file.storyboard; name = Base; path = Base.lproj/Main.storyboard; sourceTree = "<group>"; };
		F30244A727EF75DD002C0277 /* Assets.xcassets */ = {isa = PBXFileReference; lastKnownFileType = folder.assetcatalog; path = Assets.xcassets; sourceTree = "<group>"; };
		F30244AA27EF75DD002C0277 /* Base */ = {isa = PBXFileReference; lastKnownFileType = file.storyboard; name = Base; path = Base.lproj/LaunchScreen.storyboard; sourceTree = "<group>"; };
		F30244AC27EF75DD002C0277 /* Info.plist */ = {isa = PBXFileReference; lastKnownFileType = text.plist.xml; path = Info.plist; sourceTree = "<group>"; };
/* End PBXFileReference section */

/* Begin PBXFrameworksBuildPhase section */
		F302449827EF75DC002C0277 /* Frameworks */ = {
			isa = PBXFrameworksBuildPhase;
			buildActionMask = 2147483647;
			files = (
			);
			runOnlyForDeploymentPostprocessing = 0;
		};
/* End PBXFrameworksBuildPhase section */

/* Begin PBXGroup section */
		5B00008227FA219100450342 /* ExerciseSress */ = {
			isa = PBXGroup;
			children = (
				5B00007A27F9E35000450342 /* ExerciseSressTableViewController.swift */,
				5B00007C27F9FE5A00450342 /* ExerciseStressViewController.swift */,
				5B00008027FA218A00450342 /* OpenImageEXViewController.swift */,
			);
			path = ExerciseSress;
			sourceTree = "<group>";
		};
		F302449227EF75DC002C0277 = {
			isa = PBXGroup;
			children = (
				F302449D27EF75DC002C0277 /* HealthyApp */,
				F302449C27EF75DC002C0277 /* Products */,
			);
			sourceTree = "<group>";
		};
		F302449C27EF75DC002C0277 /* Products */ = {
			isa = PBXGroup;
			children = (
				F302449B27EF75DC002C0277 /* HealthyApp.app */,
			);
			name = Products;
			sourceTree = "<group>";
		};
		F302449D27EF75DC002C0277 /* HealthyApp */ = {
			isa = PBXGroup;
			children = (
				F30244B227EF762A002C0277 /* Controllers */,
				F30244B327EF7636002C0277 /* Storyboards */,
				F30244B527EF7662002C0277 /* App */,
				F30244B427EF7647002C0277 /* Resources */,
			);
			path = HealthyApp;
			sourceTree = "<group>";
		};
		F30244B227EF762A002C0277 /* Controllers */ = {
			isa = PBXGroup;
			children = (
				5B00008227FA219100450342 /* ExerciseSress */,
				F30244A227EF75DC002C0277 /* ViewController.swift */,
				5B1EBFF127F2453D007BCE4A /* HotLineViewController.swift */,
				5B00007427F4EED700450342 /* MessageTableViewCell.swift */,
			);
			path = Controllers;
			sourceTree = "<group>";
		};
		F30244B327EF7636002C0277 /* Storyboards */ = {
			isa = PBXGroup;
			children = (
				F30244A427EF75DC002C0277 /* Main.storyboard */,
				5B00007627F9E05600450342 /* ExerciseStress.storyboard */,
				F30244A927EF75DD002C0277 /* LaunchScreen.storyboard */,
			);
			path = Storyboards;
			sourceTree = "<group>";
		};
		F30244B427EF7647002C0277 /* Resources */ = {
			isa = PBXGroup;
			children = (
				5B00007E27FA054A00450342 /* Media.xcassets */,
				F30244AC27EF75DD002C0277 /* Info.plist */,
				F30244A727EF75DD002C0277 /* Assets.xcassets */,
			);
			path = Resources;
			sourceTree = "<group>";
		};
		F30244B527EF7662002C0277 /* App */ = {
			isa = PBXGroup;
			children = (
				F30244A027EF75DC002C0277 /* SceneDelegate.swift */,
				F302449E27EF75DC002C0277 /* AppDelegate.swift */,
			);
			path = App;
			sourceTree = "<group>";
		};
/* End PBXGroup section */

/* Begin PBXNativeTarget section */
		F302449A27EF75DC002C0277 /* HealthyApp */ = {
			isa = PBXNativeTarget;
			buildConfigurationList = F30244AF27EF75DD002C0277 /* Build configuration list for PBXNativeTarget "HealthyApp" */;
			buildPhases = (
				F302449727EF75DC002C0277 /* Sources */,
				F302449827EF75DC002C0277 /* Frameworks */,
				F302449927EF75DC002C0277 /* Resources */,
			);
			buildRules = (
			);
			dependencies = (
			);
			name = HealthyApp;
			productName = HealthyApp;
			productReference = F302449B27EF75DC002C0277 /* HealthyApp.app */;
			productType = "com.apple.product-type.application";
		};
/* End PBXNativeTarget section */

/* Begin PBXProject section */
		F302449327EF75DC002C0277 /* Project object */ = {
			isa = PBXProject;
			attributes = {
				BuildIndependentTargetsInParallel = 1;
				LastSwiftUpdateCheck = 1300;
				LastUpgradeCheck = 1300;
				TargetAttributes = {
					F302449A27EF75DC002C0277 = {
						CreatedOnToolsVersion = 13.0;
					};
				};
			};
			buildConfigurationList = F302449627EF75DC002C0277 /* Build configuration list for PBXProject "HealthyApp" */;
			compatibilityVersion = "Xcode 13.0";
			developmentRegion = en;
			hasScannedForEncodings = 0;
			knownRegions = (
				en,
				Base,
			);
			mainGroup = F302449227EF75DC002C0277;
			productRefGroup = F302449C27EF75DC002C0277 /* Products */;
			projectDirPath = "";
			projectRoot = "";
			targets = (
				F302449A27EF75DC002C0277 /* HealthyApp */,
			);
		};
/* End PBXProject section */

/* Begin PBXResourcesBuildPhase section */
		F302449927EF75DC002C0277 /* Resources */ = {
			isa = PBXResourcesBuildPhase;
			buildActionMask = 2147483647;
			files = (
				5B00007F27FA054A00450342 /* Media.xcassets in Resources */,
				5B00007727F9E05600450342 /* ExerciseStress.storyboard in Resources */,
				F30244AB27EF75DD002C0277 /* LaunchScreen.storyboard in Resources */,
				F30244A827EF75DD002C0277 /* Assets.xcassets in Resources */,
				F30244A627EF75DC002C0277 /* Main.storyboard in Resources */,
			);
			runOnlyForDeploymentPostprocessing = 0;
		};
/* End PBXResourcesBuildPhase section */

/* Begin PBXSourcesBuildPhase section */
		F302449727EF75DC002C0277 /* Sources */ = {
			isa = PBXSourcesBuildPhase;
			buildActionMask = 2147483647;
			files = (
				5B00007B27F9E35000450342 /* ExerciseSressTableViewController.swift in Sources */,
				5B1EBFF227F2453D007BCE4A /* HotLineViewController.swift in Sources */,
				F30244A327EF75DC002C0277 /* ViewController.swift in Sources */,
				5B00008127FA218A00450342 /* OpenImageEXViewController.swift in Sources */,
				F302449F27EF75DC002C0277 /* AppDelegate.swift in Sources */,
				F30244A127EF75DC002C0277 /* SceneDelegate.swift in Sources */,
				5B00007D27F9FE5A00450342 /* ExerciseStressViewController.swift in Sources */,
				5B00007527F4EED700450342 /* MessageTableViewCell.swift in Sources */,
			);
			runOnlyForDeploymentPostprocessing = 0;
		};
/* End PBXSourcesBuildPhase section */

/* Begin PBXVariantGroup section */
		F30244A427EF75DC002C0277 /* Main.storyboard */ = {
			isa = PBXVariantGroup;
			children = (
				F30244A527EF75DC002C0277 /* Base */,
			);
			name = Main.storyboard;
			sourceTree = "<group>";
		};
		F30244A927EF75DD002C0277 /* LaunchScreen.storyboard */ = {
			isa = PBXVariantGroup;
			children = (
				F30244AA27EF75DD002C0277 /* Base */,
			);
			name = LaunchScreen.storyboard;
			sourceTree = "<group>";
		};
/* End PBXVariantGroup section */

/* Begin XCBuildConfiguration section */
		F30244AD27EF75DD002C0277 /* Debug */ = {
			isa = XCBuildConfiguration;
			buildSettings = {
				ALWAYS_SEARCH_USER_PATHS = NO;
				CLANG_ANALYZER_NONNULL = YES;
				CLANG_ANALYZER_NUMBER_OBJECT_CONVERSION = YES_AGGRESSIVE;
				CLANG_CXX_LANGUAGE_STANDARD = "gnu++17";
				CLANG_CXX_LIBRARY = "libc++";
				CLANG_ENABLE_MODULES = YES;
				CLANG_ENABLE_OBJC_ARC = YES;
				CLANG_ENABLE_OBJC_WEAK = YES;
				CLANG_WARN_BLOCK_CAPTURE_AUTORELEASING = YES;
				CLANG_WARN_BOOL_CONVERSION = YES;
				CLANG_WARN_COMMA = YES;
				CLANG_WARN_CONSTANT_CONVERSION = YES;
				CLANG_WARN_DEPRECATED_OBJC_IMPLEMENTATIONS = YES;
				CLANG_WARN_DIRECT_OBJC_ISA_USAGE = YES_ERROR;
				CLANG_WARN_DOCUMENTATION_COMMENTS = YES;
				CLANG_WARN_EMPTY_BODY = YES;
				CLANG_WARN_ENUM_CONVERSION = YES;
				CLANG_WARN_INFINITE_RECURSION = YES;
				CLANG_WARN_INT_CONVERSION = YES;
				CLANG_WARN_NON_LITERAL_NULL_CONVERSION = YES;
				CLANG_WARN_OBJC_IMPLICIT_RETAIN_SELF = YES;
				CLANG_WARN_OBJC_LITERAL_CONVERSION = YES;
				CLANG_WARN_OBJC_ROOT_CLASS = YES_ERROR;
				CLANG_WARN_QUOTED_INCLUDE_IN_FRAMEWORK_HEADER = YES;
				CLANG_WARN_RANGE_LOOP_ANALYSIS = YES;
				CLANG_WARN_STRICT_PROTOTYPES = YES;
				CLANG_WARN_SUSPICIOUS_MOVE = YES;
				CLANG_WARN_UNGUARDED_AVAILABILITY = YES_AGGRESSIVE;
				CLANG_WARN_UNREACHABLE_CODE = YES;
				CLANG_WARN__DUPLICATE_METHOD_MATCH = YES;
				COPY_PHASE_STRIP = NO;
				DEBUG_INFORMATION_FORMAT = dwarf;
				ENABLE_STRICT_OBJC_MSGSEND = YES;
				ENABLE_TESTABILITY = YES;
				GCC_C_LANGUAGE_STANDARD = gnu11;
				GCC_DYNAMIC_NO_PIC = NO;
				GCC_NO_COMMON_BLOCKS = YES;
				GCC_OPTIMIZATION_LEVEL = 0;
				GCC_PREPROCESSOR_DEFINITIONS = (
					"DEBUG=1",
					"$(inherited)",
				);
				GCC_WARN_64_TO_32_BIT_CONVERSION = YES;
				GCC_WARN_ABOUT_RETURN_TYPE = YES_ERROR;
				GCC_WARN_UNDECLARED_SELECTOR = YES;
				GCC_WARN_UNINITIALIZED_AUTOS = YES_AGGRESSIVE;
				GCC_WARN_UNUSED_FUNCTION = YES;
				GCC_WARN_UNUSED_VARIABLE = YES;
				IPHONEOS_DEPLOYMENT_TARGET = 15.0;
				MTL_ENABLE_DEBUG_INFO = INCLUDE_SOURCE;
				MTL_FAST_MATH = YES;
				ONLY_ACTIVE_ARCH = YES;
				SDKROOT = iphoneos;
				SWIFT_ACTIVE_COMPILATION_CONDITIONS = DEBUG;
				SWIFT_OPTIMIZATION_LEVEL = "-Onone";
			};
			name = Debug;
		};
		F30244AE27EF75DD002C0277 /* Release */ = {
			isa = XCBuildConfiguration;
			buildSettings = {
				ALWAYS_SEARCH_USER_PATHS = NO;
				CLANG_ANALYZER_NONNULL = YES;
				CLANG_ANALYZER_NUMBER_OBJECT_CONVERSION = YES_AGGRESSIVE;
				CLANG_CXX_LANGUAGE_STANDARD = "gnu++17";
				CLANG_CXX_LIBRARY = "libc++";
				CLANG_ENABLE_MODULES = YES;
				CLANG_ENABLE_OBJC_ARC = YES;
				CLANG_ENABLE_OBJC_WEAK = YES;
				CLANG_WARN_BLOCK_CAPTURE_AUTORELEASING = YES;
				CLANG_WARN_BOOL_CONVERSION = YES;
				CLANG_WARN_COMMA = YES;
				CLANG_WARN_CONSTANT_CONVERSION = YES;
				CLANG_WARN_DEPRECATED_OBJC_IMPLEMENTATIONS = YES;
				CLANG_WARN_DIRECT_OBJC_ISA_USAGE = YES_ERROR;
				CLANG_WARN_DOCUMENTATION_COMMENTS = YES;
				CLANG_WARN_EMPTY_BODY = YES;
				CLANG_WARN_ENUM_CONVERSION = YES;
				CLANG_WARN_INFINITE_RECURSION = YES;
				CLANG_WARN_INT_CONVERSION = YES;
				CLANG_WARN_NON_LITERAL_NULL_CONVERSION = YES;
				CLANG_WARN_OBJC_IMPLICIT_RETAIN_SELF = YES;
				CLANG_WARN_OBJC_LITERAL_CONVERSION = YES;
				CLANG_WARN_OBJC_ROOT_CLASS = YES_ERROR;
				CLANG_WARN_QUOTED_INCLUDE_IN_FRAMEWORK_HEADER = YES;
				CLANG_WARN_RANGE_LOOP_ANALYSIS = YES;
				CLANG_WARN_STRICT_PROTOTYPES = YES;
				CLANG_WARN_SUSPICIOUS_MOVE = YES;
				CLANG_WARN_UNGUARDED_AVAILABILITY = YES_AGGRESSIVE;
				CLANG_WARN_UNREACHABLE_CODE = YES;
				CLANG_WARN__DUPLICATE_METHOD_MATCH = YES;
				COPY_PHASE_STRIP = NO;
				DEBUG_INFORMATION_FORMAT = "dwarf-with-dsym";
				ENABLE_NS_ASSERTIONS = NO;
				ENABLE_STRICT_OBJC_MSGSEND = YES;
				GCC_C_LANGUAGE_STANDARD = gnu11;
				GCC_NO_COMMON_BLOCKS = YES;
				GCC_WARN_64_TO_32_BIT_CONVERSION = YES;
				GCC_WARN_ABOUT_RETURN_TYPE = YES_ERROR;
				GCC_WARN_UNDECLARED_SELECTOR = YES;
				GCC_WARN_UNINITIALIZED_AUTOS = YES_AGGRESSIVE;
				GCC_WARN_UNUSED_FUNCTION = YES;
				GCC_WARN_UNUSED_VARIABLE = YES;
				IPHONEOS_DEPLOYMENT_TARGET = 15.0;
				MTL_ENABLE_DEBUG_INFO = NO;
				MTL_FAST_MATH = YES;
				SDKROOT = iphoneos;
				SWIFT_COMPILATION_MODE = wholemodule;
				SWIFT_OPTIMIZATION_LEVEL = "-O";
				VALIDATE_PRODUCT = YES;
			};
			name = Release;
		};
		F30244B027EF75DD002C0277 /* Debug */ = {
			isa = XCBuildConfiguration;
			buildSettings = {
				ASSETCATALOG_COMPILER_APPICON_NAME = AppIcon;
				ASSETCATALOG_COMPILER_GLOBAL_ACCENT_COLOR_NAME = AccentColor;
				CODE_SIGN_STYLE = Automatic;
				CURRENT_PROJECT_VERSION = 1;
				DEVELOPMENT_TEAM = U2CVC8W4ZQ;
				GENERATE_INFOPLIST_FILE = YES;
				INFOPLIST_FILE = HealthyApp/Resources/Info.plist;
				INFOPLIST_KEY_UIApplicationSupportsIndirectInputEvents = YES;
				INFOPLIST_KEY_UILaunchStoryboardName = LaunchScreen;
				INFOPLIST_KEY_UIMainStoryboardFile = ExerciseStress;
				INFOPLIST_KEY_UISupportedInterfaceOrientations_iPad = "UIInterfaceOrientationPortrait UIInterfaceOrientationPortraitUpsideDown UIInterfaceOrientationLandscapeLeft UIInterfaceOrientationLandscapeRight";
				INFOPLIST_KEY_UISupportedInterfaceOrientations_iPhone = "UIInterfaceOrientationPortrait UIInterfaceOrientationLandscapeLeft UIInterfaceOrientationLandscapeRight";
				LD_RUNPATH_SEARCH_PATHS = (
					"$(inherited)",
					"@executable_path/Frameworks",
				);
				MARKETING_VERSION = 1.0;
				PRODUCT_BUNDLE_IDENTIFIER = test.HealthyApp;
				PRODUCT_NAME = "$(TARGET_NAME)";
				SWIFT_EMIT_LOC_STRINGS = YES;
				SWIFT_VERSION = 5.0;
				TARGETED_DEVICE_FAMILY = 1;
			};
			name = Debug;
		};
		F30244B127EF75DD002C0277 /* Release */ = {
			isa = XCBuildConfiguration;
			buildSettings = {
				ASSETCATALOG_COMPILER_APPICON_NAME = AppIcon;
				ASSETCATALOG_COMPILER_GLOBAL_ACCENT_COLOR_NAME = AccentColor;
				CODE_SIGN_STYLE = Automatic;
				CURRENT_PROJECT_VERSION = 1;
				DEVELOPMENT_TEAM = U2CVC8W4ZQ;
				GENERATE_INFOPLIST_FILE = YES;
				INFOPLIST_FILE = HealthyApp/Resources/Info.plist;
				INFOPLIST_KEY_UIApplicationSupportsIndirectInputEvents = YES;
				INFOPLIST_KEY_UILaunchStoryboardName = LaunchScreen;
				INFOPLIST_KEY_UIMainStoryboardFile = ExerciseStress;
				INFOPLIST_KEY_UISupportedInterfaceOrientations_iPad = "UIInterfaceOrientationPortrait UIInterfaceOrientationPortraitUpsideDown UIInterfaceOrientationLandscapeLeft UIInterfaceOrientationLandscapeRight";
				INFOPLIST_KEY_UISupportedInterfaceOrientations_iPhone = "UIInterfaceOrientationPortrait UIInterfaceOrientationLandscapeLeft UIInterfaceOrientationLandscapeRight";
				LD_RUNPATH_SEARCH_PATHS = (
					"$(inherited)",
					"@executable_path/Frameworks",
				);
				MARKETING_VERSION = 1.0;
				PRODUCT_BUNDLE_IDENTIFIER = test.HealthyApp;
				PRODUCT_NAME = "$(TARGET_NAME)";
				SWIFT_EMIT_LOC_STRINGS = YES;
				SWIFT_VERSION = 5.0;
				TARGETED_DEVICE_FAMILY = 1;
			};
			name = Release;
		};
/* End XCBuildConfiguration section */

/* Begin XCConfigurationList section */
		F302449627EF75DC002C0277 /* Build configuration list for PBXProject "HealthyApp" */ = {
			isa = XCConfigurationList;
			buildConfigurations = (
				F30244AD27EF75DD002C0277 /* Debug */,
				F30244AE27EF75DD002C0277 /* Release */,
			);
			defaultConfigurationIsVisible = 0;
			defaultConfigurationName = Release;
		};
		F30244AF27EF75DD002C0277 /* Build configuration list for PBXNativeTarget "HealthyApp" */ = {
			isa = XCConfigurationList;
			buildConfigurations = (
				F30244B027EF75DD002C0277 /* Debug */,
				F30244B127EF75DD002C0277 /* Release */,
			);
			defaultConfigurationIsVisible = 0;
			defaultConfigurationName = Release;
		};
/* End XCConfigurationList section */
	};
	rootObject = F302449327EF75DC002C0277 /* Project object */;
}
